// !$*UTF8*$!
{
	archiveVersion = 1;
	classes = {
	};
	objectVersion = 56;
	objects = {

/* Begin PBXBuildFile section */
		1B0FC32D2B605B230095282E /* UserSelectionDetailsVCRouter.swift in Sources */ = {isa = PBXBuildFile; fileRef = 1B0FC32C2B605B230095282E /* UserSelectionDetailsVCRouter.swift */; };
		1B0FC3302B605B3E0095282E /* UserSelectionDetailsVC.swift in Sources */ = {isa = PBXBuildFile; fileRef = 1B0FC32F2B605B3E0095282E /* UserSelectionDetailsVC.swift */; };
		1B0FC3322B605B4D0095282E /* UserSelectionDetailsView.swift in Sources */ = {isa = PBXBuildFile; fileRef = 1B0FC3312B605B4D0095282E /* UserSelectionDetailsView.swift */; };
		1B0FC3352B605B6F0095282E /* UserSelectionDetailsVCPresenter.swift in Sources */ = {isa = PBXBuildFile; fileRef = 1B0FC3342B605B6F0095282E /* UserSelectionDetailsVCPresenter.swift */; };
		1B0FC3372B60983A0095282E /* FormVCPresenterTests.swift in Sources */ = {isa = PBXBuildFile; fileRef = 1B0FC3362B60983A0095282E /* FormVCPresenterTests.swift */; };
		1B0FC3392B6098C10095282E /* MockFormVCRouter.swift in Sources */ = {isa = PBXBuildFile; fileRef = 1B0FC3382B6098C10095282E /* MockFormVCRouter.swift */; };
		1B0FC33B2B6099350095282E /* MockFormView.swift in Sources */ = {isa = PBXBuildFile; fileRef = 1B0FC33A2B6099350095282E /* MockFormView.swift */; };
		1B33ECCE2B5B2E7E00C80104 /* PaddingLabel.swift in Sources */ = {isa = PBXBuildFile; fileRef = 1B33ECCD2B5B2E7E00C80104 /* PaddingLabel.swift */; };
		1B33ECD02B5B5F6600C80104 /* ApiClient.swift in Sources */ = {isa = PBXBuildFile; fileRef = 1B33ECCF2B5B5F6600C80104 /* ApiClient.swift */; };
		1B33ECD22B5B5F9100C80104 /* EndpointProvider.swift in Sources */ = {isa = PBXBuildFile; fileRef = 1B33ECD12B5B5F9100C80104 /* EndpointProvider.swift */; };
		1B33ECD42B5B5FB000C80104 /* ApiError.swift in Sources */ = {isa = PBXBuildFile; fileRef = 1B33ECD32B5B5FB000C80104 /* ApiError.swift */; };
		1B33ECD62B5B602E00C80104 /* KnownErrors.swift in Sources */ = {isa = PBXBuildFile; fileRef = 1B33ECD52B5B602E00C80104 /* KnownErrors.swift */; };
		1B33ECDA2B5B61EC00C80104 /* CategoryEndPoints.swift in Sources */ = {isa = PBXBuildFile; fileRef = 1B33ECD92B5B61EC00C80104 /* CategoryEndPoints.swift */; };
		1B33ECDD2B5B63D300C80104 /* CategoryRepositories.swift in Sources */ = {isa = PBXBuildFile; fileRef = 1B33ECDC2B5B63D300C80104 /* CategoryRepositories.swift */; };
		1B3FC3052B5885C800414569 /* AppDelegate.swift in Sources */ = {isa = PBXBuildFile; fileRef = 1B3FC3042B5885C800414569 /* AppDelegate.swift */; };
		1B3FC30E2B5885C900414569 /* Assets.xcassets in Resources */ = {isa = PBXBuildFile; fileRef = 1B3FC30D2B5885C900414569 /* Assets.xcassets */; };
		1B3FC3112B5885C900414569 /* LaunchScreen.storyboard in Resources */ = {isa = PBXBuildFile; fileRef = 1B3FC30F2B5885C900414569 /* LaunchScreen.storyboard */; };
		1B3FC3262B5885C900414569 /* MazaadyTaskUITests.swift in Sources */ = {isa = PBXBuildFile; fileRef = 1B3FC3252B5885C900414569 /* MazaadyTaskUITests.swift */; };
		1B3FC3282B5885C900414569 /* MazaadyTaskUITestsLaunchTests.swift in Sources */ = {isa = PBXBuildFile; fileRef = 1B3FC3272B5885C900414569 /* MazaadyTaskUITestsLaunchTests.swift */; };
		1B3FC33D2B58872100414569 /* AppDelegate+appearance.swift in Sources */ = {isa = PBXBuildFile; fileRef = 1B3FC33C2B58872100414569 /* AppDelegate+appearance.swift */; };
		1B3FC33F2B5888DE00414569 /* BaseCodable.swift in Sources */ = {isa = PBXBuildFile; fileRef = 1B3FC33E2B5888DE00414569 /* BaseCodable.swift */; };
		1B3FC34A2B58891E00414569 /* BaseVC.swift in Sources */ = {isa = PBXBuildFile; fileRef = 1B3FC3442B58891E00414569 /* BaseVC.swift */; };
		1B3FC34B2B58891E00414569 /* BasePresenterProtocol.swift in Sources */ = {isa = PBXBuildFile; fileRef = 1B3FC3452B58891E00414569 /* BasePresenterProtocol.swift */; };
		1B3FC34C2B58891E00414569 /* BaseView.swift in Sources */ = {isa = PBXBuildFile; fileRef = 1B3FC3462B58891E00414569 /* BaseView.swift */; };
		1B3FC34D2B58891E00414569 /* BaseViewProtocol.swift in Sources */ = {isa = PBXBuildFile; fileRef = 1B3FC3472B58891E00414569 /* BaseViewProtocol.swift */; };
		1B3FC34F2B5889E800414569 /* Constants.swift in Sources */ = {isa = PBXBuildFile; fileRef = 1B3FC34E2B5889E800414569 /* Constants.swift */; };
		1B3FC3532B588AB700414569 /* UITextField+setPaddingPoints.swift in Sources */ = {isa = PBXBuildFile; fileRef = 1B3FC3522B588AB700414569 /* UITextField+setPaddingPoints.swift */; };
		1B3FC3682B58932100414569 /* Poppins-ExtraLight.ttf in Resources */ = {isa = PBXBuildFile; fileRef = 1B3FC3552B58932100414569 /* Poppins-ExtraLight.ttf */; };
		1B3FC3692B58932100414569 /* Poppins-ThinItalic.ttf in Resources */ = {isa = PBXBuildFile; fileRef = 1B3FC3562B58932100414569 /* Poppins-ThinItalic.ttf */; };
		1B3FC36A2B58932100414569 /* Poppins-ExtraLightItalic.ttf in Resources */ = {isa = PBXBuildFile; fileRef = 1B3FC3572B58932100414569 /* Poppins-ExtraLightItalic.ttf */; };
		1B3FC36B2B58932100414569 /* Poppins-BoldItalic.ttf in Resources */ = {isa = PBXBuildFile; fileRef = 1B3FC3582B58932100414569 /* Poppins-BoldItalic.ttf */; };
		1B3FC36C2B58932100414569 /* Poppins-Light.ttf in Resources */ = {isa = PBXBuildFile; fileRef = 1B3FC3592B58932100414569 /* Poppins-Light.ttf */; };
		1B3FC36D2B58932100414569 /* Poppins-Medium.ttf in Resources */ = {isa = PBXBuildFile; fileRef = 1B3FC35A2B58932100414569 /* Poppins-Medium.ttf */; };
		1B3FC36E2B58932100414569 /* Poppins-SemiBoldItalic.ttf in Resources */ = {isa = PBXBuildFile; fileRef = 1B3FC35B2B58932100414569 /* Poppins-SemiBoldItalic.ttf */; };
		1B3FC36F2B58932100414569 /* Poppins-ExtraBoldItalic.ttf in Resources */ = {isa = PBXBuildFile; fileRef = 1B3FC35C2B58932100414569 /* Poppins-ExtraBoldItalic.ttf */; };
		1B3FC3702B58932100414569 /* Poppins-ExtraBold.ttf in Resources */ = {isa = PBXBuildFile; fileRef = 1B3FC35D2B58932100414569 /* Poppins-ExtraBold.ttf */; };
		1B3FC3712B58932100414569 /* Poppins-BlackItalic.ttf in Resources */ = {isa = PBXBuildFile; fileRef = 1B3FC35E2B58932100414569 /* Poppins-BlackItalic.ttf */; };
		1B3FC3722B58932100414569 /* OFL.txt in Resources */ = {isa = PBXBuildFile; fileRef = 1B3FC35F2B58932100414569 /* OFL.txt */; };
		1B3FC3732B58932100414569 /* Poppins-Regular.ttf in Resources */ = {isa = PBXBuildFile; fileRef = 1B3FC3602B58932100414569 /* Poppins-Regular.ttf */; };
		1B3FC3742B58932100414569 /* Poppins-LightItalic.ttf in Resources */ = {isa = PBXBuildFile; fileRef = 1B3FC3612B58932100414569 /* Poppins-LightItalic.ttf */; };
		1B3FC3752B58932100414569 /* Poppins-Bold.ttf in Resources */ = {isa = PBXBuildFile; fileRef = 1B3FC3622B58932100414569 /* Poppins-Bold.ttf */; };
		1B3FC3762B58932100414569 /* Poppins-Black.ttf in Resources */ = {isa = PBXBuildFile; fileRef = 1B3FC3632B58932100414569 /* Poppins-Black.ttf */; };
		1B3FC3772B58932100414569 /* Poppins-Thin.ttf in Resources */ = {isa = PBXBuildFile; fileRef = 1B3FC3642B58932100414569 /* Poppins-Thin.ttf */; };
		1B3FC3782B58932100414569 /* Poppins-SemiBold.ttf in Resources */ = {isa = PBXBuildFile; fileRef = 1B3FC3652B58932100414569 /* Poppins-SemiBold.ttf */; };
		1B3FC3792B58932100414569 /* Poppins-Italic.ttf in Resources */ = {isa = PBXBuildFile; fileRef = 1B3FC3662B58932100414569 /* Poppins-Italic.ttf */; };
		1B3FC37A2B58932100414569 /* Poppins-MediumItalic.ttf in Resources */ = {isa = PBXBuildFile; fileRef = 1B3FC3672B58932100414569 /* Poppins-MediumItalic.ttf */; };
		1B3FC37D2B58936400414569 /* UIFont+Poppins.swift in Sources */ = {isa = PBXBuildFile; fileRef = 1B3FC37C2B58936400414569 /* UIFont+Poppins.swift */; };
		1B3FC3802B58942500414569 /* UIView+anchor.swift in Sources */ = {isa = PBXBuildFile; fileRef = 1B3FC37F2B58942500414569 /* UIView+anchor.swift */; };
		1B3FC3822B58944A00414569 /* UIView+makeRounded.swift in Sources */ = {isa = PBXBuildFile; fileRef = 1B3FC3812B58944A00414569 /* UIView+makeRounded.swift */; };
		1B3FC3842B58946800414569 /* UIView+fillSuperView.swift in Sources */ = {isa = PBXBuildFile; fileRef = 1B3FC3832B58946800414569 /* UIView+fillSuperView.swift */; };
		1B3FC3872B5894D400414569 /* UIViewController+loading.swift in Sources */ = {isa = PBXBuildFile; fileRef = 1B3FC3862B5894D400414569 /* UIViewController+loading.swift */; };
		1B3FC3892B5894FE00414569 /* UIViewController+showAlert.swift in Sources */ = {isa = PBXBuildFile; fileRef = 1B3FC3882B5894FE00414569 /* UIViewController+showAlert.swift */; };
		1B3FC38B2B58951900414569 /* UIViewController+toNavigation.swift in Sources */ = {isa = PBXBuildFile; fileRef = 1B3FC38A2B58951900414569 /* UIViewController+toNavigation.swift */; };
		1B3FC38D2B58953300414569 /* UIViewController+addNavBtn.swift in Sources */ = {isa = PBXBuildFile; fileRef = 1B3FC38C2B58953300414569 /* UIViewController+addNavBtn.swift */; };
		1B3FC3902B58955F00414569 /* UIColor+CustomColors.swift in Sources */ = {isa = PBXBuildFile; fileRef = 1B3FC38F2B58955F00414569 /* UIColor+CustomColors.swift */; };
		1B3FC3962B58974B00414569 /* UIButton+addTarget.swift in Sources */ = {isa = PBXBuildFile; fileRef = 1B3FC3952B58974B00414569 /* UIButton+addTarget.swift */; };
		1B8C9EF72B5C48C3005CD461 /* UIStackView+removeAllArrangedSubviews.swift in Sources */ = {isa = PBXBuildFile; fileRef = 1B8C9EF62B5C48C3005CD461 /* UIStackView+removeAllArrangedSubviews.swift */; };
		1BAA00502B623D1A003C05AD /* MockCategoryRepository.swift in Sources */ = {isa = PBXBuildFile; fileRef = 1BAA004F2B623D1A003C05AD /* MockCategoryRepository.swift */; };
		1BCB894D2B5935AF00368FB9 /* Category.swift in Sources */ = {isa = PBXBuildFile; fileRef = 1BCB894C2B5935AF00368FB9 /* Category.swift */; };
		1BCB894F2B59366500368FB9 /* FormVCRouter.swift in Sources */ = {isa = PBXBuildFile; fileRef = 1BCB894E2B59366500368FB9 /* FormVCRouter.swift */; };
		1BCB89512B59367300368FB9 /* FormVCPresenter.swift in Sources */ = {isa = PBXBuildFile; fileRef = 1BCB89502B59367300368FB9 /* FormVCPresenter.swift */; };
		1BCB89542B59369200368FB9 /* FormView.swift in Sources */ = {isa = PBXBuildFile; fileRef = 1BCB89532B59369200368FB9 /* FormView.swift */; };
		1BCB89562B59369F00368FB9 /* FormVC.swift in Sources */ = {isa = PBXBuildFile; fileRef = 1BCB89552B59369F00368FB9 /* FormVC.swift */; };
		1BE681B82B5F55790034ABE3 /* Property.swift in Sources */ = {isa = PBXBuildFile; fileRef = 1BE681B72B5F55790034ABE3 /* Property.swift */; };
		1BE681BA2B5F55840034ABE3 /* Option.swift in Sources */ = {isa = PBXBuildFile; fileRef = 1BE681B92B5F55840034ABE3 /* Option.swift */; };
		A1E1D5475F0CCBBFD68A294E /* Pods_MazaadyTask.framework in Frameworks */ = {isa = PBXBuildFile; fileRef = 3ADD90EC0C19351E04FFAAE6 /* Pods_MazaadyTask.framework */; };
/* End PBXBuildFile section */

/* Begin PBXContainerItemProxy section */
		1B3FC3182B5885C900414569 /* PBXContainerItemProxy */ = {
			isa = PBXContainerItemProxy;
			containerPortal = 1B3FC2F92B5885C800414569 /* Project object */;
			proxyType = 1;
			remoteGlobalIDString = 1B3FC3002B5885C800414569;
			remoteInfo = MazaadyTask;
		};
		1B3FC3222B5885C900414569 /* PBXContainerItemProxy */ = {
			isa = PBXContainerItemProxy;
			containerPortal = 1B3FC2F92B5885C800414569 /* Project object */;
			proxyType = 1;
			remoteGlobalIDString = 1B3FC3002B5885C800414569;
			remoteInfo = MazaadyTask;
		};
/* End PBXContainerItemProxy section */

/* Begin PBXFileReference section */
		1B0FC32C2B605B230095282E /* UserSelectionDetailsVCRouter.swift */ = {isa = PBXFileReference; lastKnownFileType = sourcecode.swift; path = UserSelectionDetailsVCRouter.swift; sourceTree = "<group>"; };
		1B0FC32F2B605B3E0095282E /* UserSelectionDetailsVC.swift */ = {isa = PBXFileReference; lastKnownFileType = sourcecode.swift; path = UserSelectionDetailsVC.swift; sourceTree = "<group>"; };
		1B0FC3312B605B4D0095282E /* UserSelectionDetailsView.swift */ = {isa = PBXFileReference; lastKnownFileType = sourcecode.swift; path = UserSelectionDetailsView.swift; sourceTree = "<group>"; };
		1B0FC3342B605B6F0095282E /* UserSelectionDetailsVCPresenter.swift */ = {isa = PBXFileReference; lastKnownFileType = sourcecode.swift; path = UserSelectionDetailsVCPresenter.swift; sourceTree = "<group>"; };
		1B0FC3362B60983A0095282E /* FormVCPresenterTests.swift */ = {isa = PBXFileReference; lastKnownFileType = sourcecode.swift; path = FormVCPresenterTests.swift; sourceTree = "<group>"; };
		1B0FC3382B6098C10095282E /* MockFormVCRouter.swift */ = {isa = PBXFileReference; lastKnownFileType = sourcecode.swift; path = MockFormVCRouter.swift; sourceTree = "<group>"; };
		1B0FC33A2B6099350095282E /* MockFormView.swift */ = {isa = PBXFileReference; lastKnownFileType = sourcecode.swift; path = MockFormView.swift; sourceTree = "<group>"; };
		1B33ECCD2B5B2E7E00C80104 /* PaddingLabel.swift */ = {isa = PBXFileReference; lastKnownFileType = sourcecode.swift; path = PaddingLabel.swift; sourceTree = "<group>"; };
		1B33ECCF2B5B5F6600C80104 /* ApiClient.swift */ = {isa = PBXFileReference; lastKnownFileType = sourcecode.swift; path = ApiClient.swift; sourceTree = "<group>"; };
		1B33ECD12B5B5F9100C80104 /* EndpointProvider.swift */ = {isa = PBXFileReference; lastKnownFileType = sourcecode.swift; path = EndpointProvider.swift; sourceTree = "<group>"; };
		1B33ECD32B5B5FB000C80104 /* ApiError.swift */ = {isa = PBXFileReference; lastKnownFileType = sourcecode.swift; path = ApiError.swift; sourceTree = "<group>"; };
		1B33ECD52B5B602E00C80104 /* KnownErrors.swift */ = {isa = PBXFileReference; lastKnownFileType = sourcecode.swift; path = KnownErrors.swift; sourceTree = "<group>"; };
		1B33ECD92B5B61EC00C80104 /* CategoryEndPoints.swift */ = {isa = PBXFileReference; lastKnownFileType = sourcecode.swift; path = CategoryEndPoints.swift; sourceTree = "<group>"; };
		1B33ECDC2B5B63D300C80104 /* CategoryRepositories.swift */ = {isa = PBXFileReference; lastKnownFileType = sourcecode.swift; path = CategoryRepositories.swift; sourceTree = "<group>"; };
		1B3FC3012B5885C800414569 /* MazaadyTask.app */ = {isa = PBXFileReference; explicitFileType = wrapper.application; includeInIndex = 0; path = MazaadyTask.app; sourceTree = BUILT_PRODUCTS_DIR; };
		1B3FC3042B5885C800414569 /* AppDelegate.swift */ = {isa = PBXFileReference; lastKnownFileType = sourcecode.swift; path = AppDelegate.swift; sourceTree = "<group>"; };
		1B3FC30D2B5885C900414569 /* Assets.xcassets */ = {isa = PBXFileReference; lastKnownFileType = folder.assetcatalog; path = Assets.xcassets; sourceTree = "<group>"; };
		1B3FC3102B5885C900414569 /* Base */ = {isa = PBXFileReference; lastKnownFileType = file.storyboard; name = Base; path = Base.lproj/LaunchScreen.storyboard; sourceTree = "<group>"; };
		1B3FC3122B5885C900414569 /* Info.plist */ = {isa = PBXFileReference; lastKnownFileType = text.plist.xml; path = Info.plist; sourceTree = "<group>"; };
		1B3FC3172B5885C900414569 /* MazaadyTaskTests.xctest */ = {isa = PBXFileReference; explicitFileType = wrapper.cfbundle; includeInIndex = 0; path = MazaadyTaskTests.xctest; sourceTree = BUILT_PRODUCTS_DIR; };
		1B3FC3212B5885C900414569 /* MazaadyTaskUITests.xctest */ = {isa = PBXFileReference; explicitFileType = wrapper.cfbundle; includeInIndex = 0; path = MazaadyTaskUITests.xctest; sourceTree = BUILT_PRODUCTS_DIR; };
		1B3FC3252B5885C900414569 /* MazaadyTaskUITests.swift */ = {isa = PBXFileReference; lastKnownFileType = sourcecode.swift; path = MazaadyTaskUITests.swift; sourceTree = "<group>"; };
		1B3FC3272B5885C900414569 /* MazaadyTaskUITestsLaunchTests.swift */ = {isa = PBXFileReference; lastKnownFileType = sourcecode.swift; path = MazaadyTaskUITestsLaunchTests.swift; sourceTree = "<group>"; };
		1B3FC33C2B58872100414569 /* AppDelegate+appearance.swift */ = {isa = PBXFileReference; lastKnownFileType = sourcecode.swift; path = "AppDelegate+appearance.swift"; sourceTree = "<group>"; };
		1B3FC33E2B5888DE00414569 /* BaseCodable.swift */ = {isa = PBXFileReference; lastKnownFileType = sourcecode.swift; path = BaseCodable.swift; sourceTree = "<group>"; };
		1B3FC3442B58891E00414569 /* BaseVC.swift */ = {isa = PBXFileReference; fileEncoding = 4; lastKnownFileType = sourcecode.swift; path = BaseVC.swift; sourceTree = "<group>"; };
		1B3FC3452B58891E00414569 /* BasePresenterProtocol.swift */ = {isa = PBXFileReference; fileEncoding = 4; lastKnownFileType = sourcecode.swift; path = BasePresenterProtocol.swift; sourceTree = "<group>"; };
		1B3FC3462B58891E00414569 /* BaseView.swift */ = {isa = PBXFileReference; fileEncoding = 4; lastKnownFileType = sourcecode.swift; path = BaseView.swift; sourceTree = "<group>"; };
		1B3FC3472B58891E00414569 /* BaseViewProtocol.swift */ = {isa = PBXFileReference; fileEncoding = 4; lastKnownFileType = sourcecode.swift; path = BaseViewProtocol.swift; sourceTree = "<group>"; };
		1B3FC34E2B5889E800414569 /* Constants.swift */ = {isa = PBXFileReference; lastKnownFileType = sourcecode.swift; path = Constants.swift; sourceTree = "<group>"; };
		1B3FC3522B588AB700414569 /* UITextField+setPaddingPoints.swift */ = {isa = PBXFileReference; lastKnownFileType = sourcecode.swift; path = "UITextField+setPaddingPoints.swift"; sourceTree = "<group>"; };
		1B3FC3552B58932100414569 /* Poppins-ExtraLight.ttf */ = {isa = PBXFileReference; lastKnownFileType = file; path = "Poppins-ExtraLight.ttf"; sourceTree = "<group>"; };
		1B3FC3562B58932100414569 /* Poppins-ThinItalic.ttf */ = {isa = PBXFileReference; lastKnownFileType = file; path = "Poppins-ThinItalic.ttf"; sourceTree = "<group>"; };
		1B3FC3572B58932100414569 /* Poppins-ExtraLightItalic.ttf */ = {isa = PBXFileReference; lastKnownFileType = file; path = "Poppins-ExtraLightItalic.ttf"; sourceTree = "<group>"; };
		1B3FC3582B58932100414569 /* Poppins-BoldItalic.ttf */ = {isa = PBXFileReference; lastKnownFileType = file; path = "Poppins-BoldItalic.ttf"; sourceTree = "<group>"; };
		1B3FC3592B58932100414569 /* Poppins-Light.ttf */ = {isa = PBXFileReference; lastKnownFileType = file; path = "Poppins-Light.ttf"; sourceTree = "<group>"; };
		1B3FC35A2B58932100414569 /* Poppins-Medium.ttf */ = {isa = PBXFileReference; lastKnownFileType = file; path = "Poppins-Medium.ttf"; sourceTree = "<group>"; };
		1B3FC35B2B58932100414569 /* Poppins-SemiBoldItalic.ttf */ = {isa = PBXFileReference; lastKnownFileType = file; path = "Poppins-SemiBoldItalic.ttf"; sourceTree = "<group>"; };
		1B3FC35C2B58932100414569 /* Poppins-ExtraBoldItalic.ttf */ = {isa = PBXFileReference; lastKnownFileType = file; path = "Poppins-ExtraBoldItalic.ttf"; sourceTree = "<group>"; };
		1B3FC35D2B58932100414569 /* Poppins-ExtraBold.ttf */ = {isa = PBXFileReference; lastKnownFileType = file; path = "Poppins-ExtraBold.ttf"; sourceTree = "<group>"; };
		1B3FC35E2B58932100414569 /* Poppins-BlackItalic.ttf */ = {isa = PBXFileReference; lastKnownFileType = file; path = "Poppins-BlackItalic.ttf"; sourceTree = "<group>"; };
		1B3FC35F2B58932100414569 /* OFL.txt */ = {isa = PBXFileReference; fileEncoding = 4; lastKnownFileType = text; path = OFL.txt; sourceTree = "<group>"; };
		1B3FC3602B58932100414569 /* Poppins-Regular.ttf */ = {isa = PBXFileReference; lastKnownFileType = file; path = "Poppins-Regular.ttf"; sourceTree = "<group>"; };
		1B3FC3612B58932100414569 /* Poppins-LightItalic.ttf */ = {isa = PBXFileReference; lastKnownFileType = file; path = "Poppins-LightItalic.ttf"; sourceTree = "<group>"; };
		1B3FC3622B58932100414569 /* Poppins-Bold.ttf */ = {isa = PBXFileReference; lastKnownFileType = file; path = "Poppins-Bold.ttf"; sourceTree = "<group>"; };
		1B3FC3632B58932100414569 /* Poppins-Black.ttf */ = {isa = PBXFileReference; lastKnownFileType = file; path = "Poppins-Black.ttf"; sourceTree = "<group>"; };
		1B3FC3642B58932100414569 /* Poppins-Thin.ttf */ = {isa = PBXFileReference; lastKnownFileType = file; path = "Poppins-Thin.ttf"; sourceTree = "<group>"; };
		1B3FC3652B58932100414569 /* Poppins-SemiBold.ttf */ = {isa = PBXFileReference; lastKnownFileType = file; path = "Poppins-SemiBold.ttf"; sourceTree = "<group>"; };
		1B3FC3662B58932100414569 /* Poppins-Italic.ttf */ = {isa = PBXFileReference; lastKnownFileType = file; path = "Poppins-Italic.ttf"; sourceTree = "<group>"; };
		1B3FC3672B58932100414569 /* Poppins-MediumItalic.ttf */ = {isa = PBXFileReference; lastKnownFileType = file; path = "Poppins-MediumItalic.ttf"; sourceTree = "<group>"; };
		1B3FC37C2B58936400414569 /* UIFont+Poppins.swift */ = {isa = PBXFileReference; lastKnownFileType = sourcecode.swift; path = "UIFont+Poppins.swift"; sourceTree = "<group>"; };
		1B3FC37F2B58942500414569 /* UIView+anchor.swift */ = {isa = PBXFileReference; lastKnownFileType = sourcecode.swift; path = "UIView+anchor.swift"; sourceTree = "<group>"; };
		1B3FC3812B58944A00414569 /* UIView+makeRounded.swift */ = {isa = PBXFileReference; lastKnownFileType = sourcecode.swift; path = "UIView+makeRounded.swift"; sourceTree = "<group>"; };
		1B3FC3832B58946800414569 /* UIView+fillSuperView.swift */ = {isa = PBXFileReference; lastKnownFileType = sourcecode.swift; path = "UIView+fillSuperView.swift"; sourceTree = "<group>"; };
		1B3FC3862B5894D400414569 /* UIViewController+loading.swift */ = {isa = PBXFileReference; lastKnownFileType = sourcecode.swift; path = "UIViewController+loading.swift"; sourceTree = "<group>"; };
		1B3FC3882B5894FE00414569 /* UIViewController+showAlert.swift */ = {isa = PBXFileReference; lastKnownFileType = sourcecode.swift; path = "UIViewController+showAlert.swift"; sourceTree = "<group>"; };
		1B3FC38A2B58951900414569 /* UIViewController+toNavigation.swift */ = {isa = PBXFileReference; lastKnownFileType = sourcecode.swift; path = "UIViewController+toNavigation.swift"; sourceTree = "<group>"; };
		1B3FC38C2B58953300414569 /* UIViewController+addNavBtn.swift */ = {isa = PBXFileReference; lastKnownFileType = sourcecode.swift; path = "UIViewController+addNavBtn.swift"; sourceTree = "<group>"; };
		1B3FC38F2B58955F00414569 /* UIColor+CustomColors.swift */ = {isa = PBXFileReference; lastKnownFileType = sourcecode.swift; path = "UIColor+CustomColors.swift"; sourceTree = "<group>"; };
		1B3FC3952B58974B00414569 /* UIButton+addTarget.swift */ = {isa = PBXFileReference; lastKnownFileType = sourcecode.swift; path = "UIButton+addTarget.swift"; sourceTree = "<group>"; };
		1B8C9EF62B5C48C3005CD461 /* UIStackView+removeAllArrangedSubviews.swift */ = {isa = PBXFileReference; lastKnownFileType = sourcecode.swift; path = "UIStackView+removeAllArrangedSubviews.swift"; sourceTree = "<group>"; };
		1BAA004F2B623D1A003C05AD /* MockCategoryRepository.swift */ = {isa = PBXFileReference; lastKnownFileType = sourcecode.swift; path = MockCategoryRepository.swift; sourceTree = "<group>"; };
		1BCB894C2B5935AF00368FB9 /* Category.swift */ = {isa = PBXFileReference; lastKnownFileType = sourcecode.swift; path = Category.swift; sourceTree = "<group>"; };
		1BCB894E2B59366500368FB9 /* FormVCRouter.swift */ = {isa = PBXFileReference; lastKnownFileType = sourcecode.swift; path = FormVCRouter.swift; sourceTree = "<group>"; };
		1BCB89502B59367300368FB9 /* FormVCPresenter.swift */ = {isa = PBXFileReference; lastKnownFileType = sourcecode.swift; path = FormVCPresenter.swift; sourceTree = "<group>"; };
		1BCB89532B59369200368FB9 /* FormView.swift */ = {isa = PBXFileReference; lastKnownFileType = sourcecode.swift; path = FormView.swift; sourceTree = "<group>"; };
		1BCB89552B59369F00368FB9 /* FormVC.swift */ = {isa = PBXFileReference; lastKnownFileType = sourcecode.swift; path = FormVC.swift; sourceTree = "<group>"; };
		1BE681B72B5F55790034ABE3 /* Property.swift */ = {isa = PBXFileReference; lastKnownFileType = sourcecode.swift; path = Property.swift; sourceTree = "<group>"; };
		1BE681B92B5F55840034ABE3 /* Option.swift */ = {isa = PBXFileReference; lastKnownFileType = sourcecode.swift; path = Option.swift; sourceTree = "<group>"; };
		3ADD90EC0C19351E04FFAAE6 /* Pods_MazaadyTask.framework */ = {isa = PBXFileReference; explicitFileType = wrapper.framework; includeInIndex = 0; path = Pods_MazaadyTask.framework; sourceTree = BUILT_PRODUCTS_DIR; };
		65F3D32C3CEEE5D36DD84344 /* Pods-MazaadyTask.debug.xcconfig */ = {isa = PBXFileReference; includeInIndex = 1; lastKnownFileType = text.xcconfig; name = "Pods-MazaadyTask.debug.xcconfig"; path = "Target Support Files/Pods-MazaadyTask/Pods-MazaadyTask.debug.xcconfig"; sourceTree = "<group>"; };
		C76B6CBF247B18CB7611C97C /* Pods-MazaadyTask.release.xcconfig */ = {isa = PBXFileReference; includeInIndex = 1; lastKnownFileType = text.xcconfig; name = "Pods-MazaadyTask.release.xcconfig"; path = "Target Support Files/Pods-MazaadyTask/Pods-MazaadyTask.release.xcconfig"; sourceTree = "<group>"; };
/* End PBXFileReference section */

/* Begin PBXFrameworksBuildPhase section */
		1B3FC2FE2B5885C800414569 /* Frameworks */ = {
			isa = PBXFrameworksBuildPhase;
			buildActionMask = 2147483647;
			files = (
				A1E1D5475F0CCBBFD68A294E /* Pods_MazaadyTask.framework in Frameworks */,
			);
			runOnlyForDeploymentPostprocessing = 0;
		};
		1B3FC3142B5885C900414569 /* Frameworks */ = {
			isa = PBXFrameworksBuildPhase;
			buildActionMask = 2147483647;
			files = (
			);
			runOnlyForDeploymentPostprocessing = 0;
		};
		1B3FC31E2B5885C900414569 /* Frameworks */ = {
			isa = PBXFrameworksBuildPhase;
			buildActionMask = 2147483647;
			files = (
			);
			runOnlyForDeploymentPostprocessing = 0;
		};
/* End PBXFrameworksBuildPhase section */

/* Begin PBXGroup section */
		1B0FC32B2B605AE80095282E /* UserSelectionDetails */ = {
			isa = PBXGroup;
			children = (
				1B0FC32C2B605B230095282E /* UserSelectionDetailsVCRouter.swift */,
				1B0FC32E2B605B270095282E /* ViewController */,
				1B0FC3342B605B6F0095282E /* UserSelectionDetailsVCPresenter.swift */,
			);
			path = UserSelectionDetails;
			sourceTree = "<group>";
		};
		1B0FC32E2B605B270095282E /* ViewController */ = {
			isa = PBXGroup;
			children = (
				1B0FC32F2B605B3E0095282E /* UserSelectionDetailsVC.swift */,
				1B0FC3312B605B4D0095282E /* UserSelectionDetailsView.swift */,
			);
			path = ViewController;
			sourceTree = "<group>";
		};
		1B33ECD72B5B61CE00C80104 /* Base */ = {
			isa = PBXGroup;
			children = (
				1B33ECCF2B5B5F6600C80104 /* ApiClient.swift */,
				1B33ECD12B5B5F9100C80104 /* EndpointProvider.swift */,
				1B33ECD32B5B5FB000C80104 /* ApiError.swift */,
			);
			path = Base;
			sourceTree = "<group>";
		};
		1B33ECD82B5B61D400C80104 /* EndPoints */ = {
			isa = PBXGroup;
			children = (
				1B33ECD92B5B61EC00C80104 /* CategoryEndPoints.swift */,
			);
			path = EndPoints;
			sourceTree = "<group>";
		};
		1B33ECDB2B5B63C100C80104 /* Repositories */ = {
			isa = PBXGroup;
			children = (
				1B33ECDC2B5B63D300C80104 /* CategoryRepositories.swift */,
			);
			path = Repositories;
			sourceTree = "<group>";
		};
		1B3FC2F82B5885C800414569 = {
			isa = PBXGroup;
			children = (
				1B3FC3032B5885C800414569 /* MazaadyTask */,
				1B3FC31A2B5885C900414569 /* MazaadyTaskTests */,
				1B3FC3242B5885C900414569 /* MazaadyTaskUITests */,
				1B3FC3022B5885C800414569 /* Products */,
				B82CB91C78D0222DC3CBD00E /* Pods */,
				8FEE8F85AF14DAF081ACD9EE /* Frameworks */,
			);
			sourceTree = "<group>";
		};
		1B3FC3022B5885C800414569 /* Products */ = {
			isa = PBXGroup;
			children = (
				1B3FC3012B5885C800414569 /* MazaadyTask.app */,
				1B3FC3172B5885C900414569 /* MazaadyTaskTests.xctest */,
				1B3FC3212B5885C900414569 /* MazaadyTaskUITests.xctest */,
			);
			name = Products;
			sourceTree = "<group>";
		};
		1B3FC3032B5885C800414569 /* MazaadyTask */ = {
			isa = PBXGroup;
			children = (
				1B3FC33A2B58868800414569 /* Configuration */,
				1B3FC3392B58867B00414569 /* Core */,
				1B3FC3382B58867200414569 /* Resources */,
				1B3FC3372B58866700414569 /* Model */,
				1B3FC3362B58865E00414569 /* Scenes */,
				1B3FC3352B58862A00414569 /* Network */,
				1B3FC3342B58862100414569 /* Utils */,
			);
			path = MazaadyTask;
			sourceTree = "<group>";
		};
		1B3FC31A2B5885C900414569 /* MazaadyTaskTests */ = {
			isa = PBXGroup;
			children = (
				1B0FC3362B60983A0095282E /* FormVCPresenterTests.swift */,
				1B0FC3382B6098C10095282E /* MockFormVCRouter.swift */,
				1B0FC33A2B6099350095282E /* MockFormView.swift */,
				1BAA004F2B623D1A003C05AD /* MockCategoryRepository.swift */,
			);
			path = MazaadyTaskTests;
			sourceTree = "<group>";
		};
		1B3FC3242B5885C900414569 /* MazaadyTaskUITests */ = {
			isa = PBXGroup;
			children = (
				1B3FC3252B5885C900414569 /* MazaadyTaskUITests.swift */,
				1B3FC3272B5885C900414569 /* MazaadyTaskUITestsLaunchTests.swift */,
			);
			path = MazaadyTaskUITests;
			sourceTree = "<group>";
		};
		1B3FC3342B58862100414569 /* Utils */ = {
			isa = PBXGroup;
			children = (
				1BCB89492B5933D800368FB9 /* CustomUIClasses */,
				1B3FC34E2B5889E800414569 /* Constants.swift */,
				1B3FC3502B588A9B00414569 /* Extensions */,
			);
			path = Utils;
			sourceTree = "<group>";
		};
		1B3FC3352B58862A00414569 /* Network */ = {
			isa = PBXGroup;
			children = (
				1B33ECDB2B5B63C100C80104 /* Repositories */,
				1B33ECD82B5B61D400C80104 /* EndPoints */,
				1B33ECD72B5B61CE00C80104 /* Base */,
			);
			path = Network;
			sourceTree = "<group>";
		};
		1B3FC3362B58865E00414569 /* Scenes */ = {
			isa = PBXGroup;
			children = (
				1B3FC3402B5888FC00414569 /* Base */,
				1B0FC32B2B605AE80095282E /* UserSelectionDetails */,
				1BCB89482B59308B00368FB9 /* Form */,
			);
			path = Scenes;
			sourceTree = "<group>";
		};
		1B3FC3372B58866700414569 /* Model */ = {
			isa = PBXGroup;
			children = (
				1B3FC33E2B5888DE00414569 /* BaseCodable.swift */,
				1B33ECD52B5B602E00C80104 /* KnownErrors.swift */,
				1BCB894C2B5935AF00368FB9 /* Category.swift */,
				1BE681B72B5F55790034ABE3 /* Property.swift */,
				1BE681B92B5F55840034ABE3 /* Option.swift */,
			);
			path = Model;
			sourceTree = "<group>";
		};
		1B3FC3382B58867200414569 /* Resources */ = {
			isa = PBXGroup;
			children = (
				1B3FC30D2B5885C900414569 /* Assets.xcassets */,
				1B3FC30F2B5885C900414569 /* LaunchScreen.storyboard */,
				1B3FC33B2B5886BE00414569 /* Fonts */,
			);
			path = Resources;
			sourceTree = "<group>";
		};
		1B3FC3392B58867B00414569 /* Core */ = {
			isa = PBXGroup;
			children = (
				1B3FC3042B5885C800414569 /* AppDelegate.swift */,
				1B3FC33C2B58872100414569 /* AppDelegate+appearance.swift */,
			);
			path = Core;
			sourceTree = "<group>";
		};
		1B3FC33A2B58868800414569 /* Configuration */ = {
			isa = PBXGroup;
			children = (
				1B3FC3122B5885C900414569 /* Info.plist */,
			);
			path = Configuration;
			sourceTree = "<group>";
		};
		1B3FC33B2B5886BE00414569 /* Fonts */ = {
			isa = PBXGroup;
			children = (
				1B3FC3542B58932100414569 /* Poppins */,
			);
			path = Fonts;
			sourceTree = "<group>";
		};
		1B3FC3402B5888FC00414569 /* Base */ = {
			isa = PBXGroup;
			children = (
				1B3FC3442B58891E00414569 /* BaseVC.swift */,
				1B3FC3462B58891E00414569 /* BaseView.swift */,
				1B3FC3472B58891E00414569 /* BaseViewProtocol.swift */,
				1B3FC3452B58891E00414569 /* BasePresenterProtocol.swift */,
			);
			path = Base;
			sourceTree = "<group>";
		};
		1B3FC3502B588A9B00414569 /* Extensions */ = {
			isa = PBXGroup;
			children = (
				1B8C9EF52B5C48B6005CD461 /* UIStackView */,
				1B3FC3942B58973C00414569 /* UIButton */,
				1B3FC38E2B58954F00414569 /* UIColor */,
				1B3FC3852B5894B300414569 /* UIViewController */,
				1B3FC37E2B58940A00414569 /* UIView */,
				1B3FC37B2B58934800414569 /* UIFont */,
				1B3FC3512B588AA900414569 /* UITextField */,
			);
			path = Extensions;
			sourceTree = "<group>";
		};
		1B3FC3512B588AA900414569 /* UITextField */ = {
			isa = PBXGroup;
			children = (
				1B3FC3522B588AB700414569 /* UITextField+setPaddingPoints.swift */,
			);
			path = UITextField;
			sourceTree = "<group>";
		};
		1B3FC3542B58932100414569 /* Poppins */ = {
			isa = PBXGroup;
			children = (
				1B3FC3552B58932100414569 /* Poppins-ExtraLight.ttf */,
				1B3FC3562B58932100414569 /* Poppins-ThinItalic.ttf */,
				1B3FC3572B58932100414569 /* Poppins-ExtraLightItalic.ttf */,
				1B3FC3582B58932100414569 /* Poppins-BoldItalic.ttf */,
				1B3FC3592B58932100414569 /* Poppins-Light.ttf */,
				1B3FC35A2B58932100414569 /* Poppins-Medium.ttf */,
				1B3FC35B2B58932100414569 /* Poppins-SemiBoldItalic.ttf */,
				1B3FC35C2B58932100414569 /* Poppins-ExtraBoldItalic.ttf */,
				1B3FC35D2B58932100414569 /* Poppins-ExtraBold.ttf */,
				1B3FC35E2B58932100414569 /* Poppins-BlackItalic.ttf */,
				1B3FC35F2B58932100414569 /* OFL.txt */,
				1B3FC3602B58932100414569 /* Poppins-Regular.ttf */,
				1B3FC3612B58932100414569 /* Poppins-LightItalic.ttf */,
				1B3FC3622B58932100414569 /* Poppins-Bold.ttf */,
				1B3FC3632B58932100414569 /* Poppins-Black.ttf */,
				1B3FC3642B58932100414569 /* Poppins-Thin.ttf */,
				1B3FC3652B58932100414569 /* Poppins-SemiBold.ttf */,
				1B3FC3662B58932100414569 /* Poppins-Italic.ttf */,
				1B3FC3672B58932100414569 /* Poppins-MediumItalic.ttf */,
			);
			path = Poppins;
			sourceTree = "<group>";
		};
		1B3FC37B2B58934800414569 /* UIFont */ = {
			isa = PBXGroup;
			children = (
				1B3FC37C2B58936400414569 /* UIFont+Poppins.swift */,
			);
			path = UIFont;
			sourceTree = "<group>";
		};
		1B3FC37E2B58940A00414569 /* UIView */ = {
			isa = PBXGroup;
			children = (
				1B3FC37F2B58942500414569 /* UIView+anchor.swift */,
				1B3FC3812B58944A00414569 /* UIView+makeRounded.swift */,
				1B3FC3832B58946800414569 /* UIView+fillSuperView.swift */,
			);
			path = UIView;
			sourceTree = "<group>";
		};
		1B3FC3852B5894B300414569 /* UIViewController */ = {
			isa = PBXGroup;
			children = (
				1B3FC3862B5894D400414569 /* UIViewController+loading.swift */,
				1B3FC3882B5894FE00414569 /* UIViewController+showAlert.swift */,
				1B3FC38A2B58951900414569 /* UIViewController+toNavigation.swift */,
				1B3FC38C2B58953300414569 /* UIViewController+addNavBtn.swift */,
			);
			path = UIViewController;
			sourceTree = "<group>";
		};
		1B3FC38E2B58954F00414569 /* UIColor */ = {
			isa = PBXGroup;
			children = (
				1B3FC38F2B58955F00414569 /* UIColor+CustomColors.swift */,
			);
			path = UIColor;
			sourceTree = "<group>";
		};
		1B3FC3942B58973C00414569 /* UIButton */ = {
			isa = PBXGroup;
			children = (
				1B3FC3952B58974B00414569 /* UIButton+addTarget.swift */,
			);
			path = UIButton;
			sourceTree = "<group>";
		};
		1B8C9EF52B5C48B6005CD461 /* UIStackView */ = {
			isa = PBXGroup;
			children = (
				1B8C9EF62B5C48C3005CD461 /* UIStackView+removeAllArrangedSubviews.swift */,
			);
			path = UIStackView;
			sourceTree = "<group>";
		};
		1BCB89482B59308B00368FB9 /* Form */ = {
			isa = PBXGroup;
			children = (
				1BCB894E2B59366500368FB9 /* FormVCRouter.swift */,
				1BCB89522B59367700368FB9 /* ViewController */,
				1BCB89502B59367300368FB9 /* FormVCPresenter.swift */,
			);
			path = Form;
			sourceTree = "<group>";
		};
		1BCB89492B5933D800368FB9 /* CustomUIClasses */ = {
			isa = PBXGroup;
			children = (
				1B33ECCD2B5B2E7E00C80104 /* PaddingLabel.swift */,
			);
			path = CustomUIClasses;
			sourceTree = "<group>";
		};
		1BCB89522B59367700368FB9 /* ViewController */ = {
			isa = PBXGroup;
			children = (
				1BCB89532B59369200368FB9 /* FormView.swift */,
				1BCB89552B59369F00368FB9 /* FormVC.swift */,
			);
			path = ViewController;
			sourceTree = "<group>";
		};
		8FEE8F85AF14DAF081ACD9EE /* Frameworks */ = {
			isa = PBXGroup;
			children = (
				3ADD90EC0C19351E04FFAAE6 /* Pods_MazaadyTask.framework */,
			);
			name = Frameworks;
			sourceTree = "<group>";
		};
		B82CB91C78D0222DC3CBD00E /* Pods */ = {
			isa = PBXGroup;
			children = (
				65F3D32C3CEEE5D36DD84344 /* Pods-MazaadyTask.debug.xcconfig */,
				C76B6CBF247B18CB7611C97C /* Pods-MazaadyTask.release.xcconfig */,
			);
			path = Pods;
			sourceTree = "<group>";
		};
/* End PBXGroup section */

/* Begin PBXNativeTarget section */
		1B3FC3002B5885C800414569 /* MazaadyTask */ = {
			isa = PBXNativeTarget;
			buildConfigurationList = 1B3FC32B2B5885C900414569 /* Build configuration list for PBXNativeTarget "MazaadyTask" */;
			buildPhases = (
				D29F1C78B02BEF2C4C65FCCE /* [CP] Check Pods Manifest.lock */,
				1B3FC2FD2B5885C800414569 /* Sources */,
				1B3FC2FE2B5885C800414569 /* Frameworks */,
				1B3FC2FF2B5885C800414569 /* Resources */,
				2C9F915E67BEB92038421663 /* [CP] Embed Pods Frameworks */,
			);
			buildRules = (
			);
			dependencies = (
			);
			name = MazaadyTask;
			productName = MazaadyTask;
			productReference = 1B3FC3012B5885C800414569 /* MazaadyTask.app */;
			productType = "com.apple.product-type.application";
		};
		1B3FC3162B5885C900414569 /* MazaadyTaskTests */ = {
			isa = PBXNativeTarget;
			buildConfigurationList = 1B3FC32E2B5885C900414569 /* Build configuration list for PBXNativeTarget "MazaadyTaskTests" */;
			buildPhases = (
				1B3FC3132B5885C900414569 /* Sources */,
				1B3FC3142B5885C900414569 /* Frameworks */,
				1B3FC3152B5885C900414569 /* Resources */,
			);
			buildRules = (
			);
			dependencies = (
				1B3FC3192B5885C900414569 /* PBXTargetDependency */,
			);
			name = MazaadyTaskTests;
			productName = MazaadyTaskTests;
			productReference = 1B3FC3172B5885C900414569 /* MazaadyTaskTests.xctest */;
			productType = "com.apple.product-type.bundle.unit-test";
		};
		1B3FC3202B5885C900414569 /* MazaadyTaskUITests */ = {
			isa = PBXNativeTarget;
			buildConfigurationList = 1B3FC3312B5885C900414569 /* Build configuration list for PBXNativeTarget "MazaadyTaskUITests" */;
			buildPhases = (
				1B3FC31D2B5885C900414569 /* Sources */,
				1B3FC31E2B5885C900414569 /* Frameworks */,
				1B3FC31F2B5885C900414569 /* Resources */,
			);
			buildRules = (
			);
			dependencies = (
				1B3FC3232B5885C900414569 /* PBXTargetDependency */,
			);
			name = MazaadyTaskUITests;
			productName = MazaadyTaskUITests;
			productReference = 1B3FC3212B5885C900414569 /* MazaadyTaskUITests.xctest */;
			productType = "com.apple.product-type.bundle.ui-testing";
		};
/* End PBXNativeTarget section */

/* Begin PBXProject section */
		1B3FC2F92B5885C800414569 /* Project object */ = {
			isa = PBXProject;
			attributes = {
				BuildIndependentTargetsInParallel = 1;
				LastSwiftUpdateCheck = 1510;
				LastUpgradeCheck = 1510;
				TargetAttributes = {
					1B3FC3002B5885C800414569 = {
						CreatedOnToolsVersion = 15.1;
					};
					1B3FC3162B5885C900414569 = {
						CreatedOnToolsVersion = 15.1;
						TestTargetID = 1B3FC3002B5885C800414569;
					};
					1B3FC3202B5885C900414569 = {
						CreatedOnToolsVersion = 15.1;
						TestTargetID = 1B3FC3002B5885C800414569;
					};
				};
			};
			buildConfigurationList = 1B3FC2FC2B5885C800414569 /* Build configuration list for PBXProject "MazaadyTask" */;
			compatibilityVersion = "Xcode 14.0";
			developmentRegion = en;
			hasScannedForEncodings = 0;
			knownRegions = (
				en,
				Base,
			);
			mainGroup = 1B3FC2F82B5885C800414569;
			productRefGroup = 1B3FC3022B5885C800414569 /* Products */;
			projectDirPath = "";
			projectRoot = "";
			targets = (
				1B3FC3002B5885C800414569 /* MazaadyTask */,
				1B3FC3162B5885C900414569 /* MazaadyTaskTests */,
				1B3FC3202B5885C900414569 /* MazaadyTaskUITests */,
			);
		};
/* End PBXProject section */

/* Begin PBXResourcesBuildPhase section */
		1B3FC2FF2B5885C800414569 /* Resources */ = {
			isa = PBXResourcesBuildPhase;
			buildActionMask = 2147483647;
			files = (
				1B3FC36C2B58932100414569 /* Poppins-Light.ttf in Resources */,
				1B3FC3762B58932100414569 /* Poppins-Black.ttf in Resources */,
				1B3FC3742B58932100414569 /* Poppins-LightItalic.ttf in Resources */,
				1B3FC3772B58932100414569 /* Poppins-Thin.ttf in Resources */,
				1B3FC3682B58932100414569 /* Poppins-ExtraLight.ttf in Resources */,
				1B3FC3782B58932100414569 /* Poppins-SemiBold.ttf in Resources */,
				1B3FC3752B58932100414569 /* Poppins-Bold.ttf in Resources */,
				1B3FC3692B58932100414569 /* Poppins-ThinItalic.ttf in Resources */,
				1B3FC36A2B58932100414569 /* Poppins-ExtraLightItalic.ttf in Resources */,
				1B3FC3712B58932100414569 /* Poppins-BlackItalic.ttf in Resources */,
				1B3FC36F2B58932100414569 /* Poppins-ExtraBoldItalic.ttf in Resources */,
				1B3FC36B2B58932100414569 /* Poppins-BoldItalic.ttf in Resources */,
				1B3FC36E2B58932100414569 /* Poppins-SemiBoldItalic.ttf in Resources */,
				1B3FC3722B58932100414569 /* OFL.txt in Resources */,
				1B3FC3732B58932100414569 /* Poppins-Regular.ttf in Resources */,
				1B3FC3702B58932100414569 /* Poppins-ExtraBold.ttf in Resources */,
				1B3FC36D2B58932100414569 /* Poppins-Medium.ttf in Resources */,
				1B3FC3112B5885C900414569 /* LaunchScreen.storyboard in Resources */,
				1B3FC3792B58932100414569 /* Poppins-Italic.ttf in Resources */,
				1B3FC37A2B58932100414569 /* Poppins-MediumItalic.ttf in Resources */,
				1B3FC30E2B5885C900414569 /* Assets.xcassets in Resources */,
			);
			runOnlyForDeploymentPostprocessing = 0;
		};
		1B3FC3152B5885C900414569 /* Resources */ = {
			isa = PBXResourcesBuildPhase;
			buildActionMask = 2147483647;
			files = (
			);
			runOnlyForDeploymentPostprocessing = 0;
		};
		1B3FC31F2B5885C900414569 /* Resources */ = {
			isa = PBXResourcesBuildPhase;
			buildActionMask = 2147483647;
			files = (
			);
			runOnlyForDeploymentPostprocessing = 0;
		};
/* End PBXResourcesBuildPhase section */

/* Begin PBXShellScriptBuildPhase section */
		2C9F915E67BEB92038421663 /* [CP] Embed Pods Frameworks */ = {
			isa = PBXShellScriptBuildPhase;
			buildActionMask = 2147483647;
			files = (
			);
			inputFileListPaths = (
				"${PODS_ROOT}/Target Support Files/Pods-MazaadyTask/Pods-MazaadyTask-frameworks-${CONFIGURATION}-input-files.xcfilelist",
			);
			name = "[CP] Embed Pods Frameworks";
			outputFileListPaths = (
				"${PODS_ROOT}/Target Support Files/Pods-MazaadyTask/Pods-MazaadyTask-frameworks-${CONFIGURATION}-output-files.xcfilelist",
			);
			runOnlyForDeploymentPostprocessing = 0;
			shellPath = /bin/sh;
			shellScript = "\"${PODS_ROOT}/Target Support Files/Pods-MazaadyTask/Pods-MazaadyTask-frameworks.sh\"\n";
			showEnvVarsInLog = 0;
		};
		D29F1C78B02BEF2C4C65FCCE /* [CP] Check Pods Manifest.lock */ = {
			isa = PBXShellScriptBuildPhase;
			buildActionMask = 2147483647;
			files = (
			);
			inputFileListPaths = (
			);
			inputPaths = (
				"${PODS_PODFILE_DIR_PATH}/Podfile.lock",
				"${PODS_ROOT}/Manifest.lock",
			);
			name = "[CP] Check Pods Manifest.lock";
			outputFileListPaths = (
			);
			outputPaths = (
				"$(DERIVED_FILE_DIR)/Pods-MazaadyTask-checkManifestLockResult.txt",
			);
			runOnlyForDeploymentPostprocessing = 0;
			shellPath = /bin/sh;
			shellScript = "diff \"${PODS_PODFILE_DIR_PATH}/Podfile.lock\" \"${PODS_ROOT}/Manifest.lock\" > /dev/null\nif [ $? != 0 ] ; then\n    # print error to STDERR\n    echo \"error: The sandbox is not in sync with the Podfile.lock. Run 'pod install' or update your CocoaPods installation.\" >&2\n    exit 1\nfi\n# This output is used by Xcode 'outputs' to avoid re-running this script phase.\necho \"SUCCESS\" > \"${SCRIPT_OUTPUT_FILE_0}\"\n";
			showEnvVarsInLog = 0;
		};
/* End PBXShellScriptBuildPhase section */

/* Begin PBXSourcesBuildPhase section */
		1B3FC2FD2B5885C800414569 /* Sources */ = {
			isa = PBXSourcesBuildPhase;
			buildActionMask = 2147483647;
			files = (
				1BCB89542B59369200368FB9 /* FormView.swift in Sources */,
				1B3FC3802B58942500414569 /* UIView+anchor.swift in Sources */,
				1B0FC3352B605B6F0095282E /* UserSelectionDetailsVCPresenter.swift in Sources */,
				1B33ECDA2B5B61EC00C80104 /* CategoryEndPoints.swift in Sources */,
				1BCB894F2B59366500368FB9 /* FormVCRouter.swift in Sources */,
				1B3FC38B2B58951900414569 /* UIViewController+toNavigation.swift in Sources */,
				1B3FC33D2B58872100414569 /* AppDelegate+appearance.swift in Sources */,
				1B3FC3822B58944A00414569 /* UIView+makeRounded.swift in Sources */,
				1BCB89512B59367300368FB9 /* FormVCPresenter.swift in Sources */,
				1B3FC3902B58955F00414569 /* UIColor+CustomColors.swift in Sources */,
				1B3FC38D2B58953300414569 /* UIViewController+addNavBtn.swift in Sources */,
				1B33ECDD2B5B63D300C80104 /* CategoryRepositories.swift in Sources */,
				1B3FC3872B5894D400414569 /* UIViewController+loading.swift in Sources */,
				1B33ECCE2B5B2E7E00C80104 /* PaddingLabel.swift in Sources */,
				1B3FC34A2B58891E00414569 /* BaseVC.swift in Sources */,
				1B0FC3322B605B4D0095282E /* UserSelectionDetailsView.swift in Sources */,
				1B3FC3892B5894FE00414569 /* UIViewController+showAlert.swift in Sources */,
				1B0FC3302B605B3E0095282E /* UserSelectionDetailsVC.swift in Sources */,
				1B33ECD22B5B5F9100C80104 /* EndpointProvider.swift in Sources */,
				1B3FC3052B5885C800414569 /* AppDelegate.swift in Sources */,
				1B3FC3532B588AB700414569 /* UITextField+setPaddingPoints.swift in Sources */,
				1B3FC3842B58946800414569 /* UIView+fillSuperView.swift in Sources */,
				1B3FC37D2B58936400414569 /* UIFont+Poppins.swift in Sources */,
				1B3FC34D2B58891E00414569 /* BaseViewProtocol.swift in Sources */,
				1B3FC34B2B58891E00414569 /* BasePresenterProtocol.swift in Sources */,
				1B3FC33F2B5888DE00414569 /* BaseCodable.swift in Sources */,
				1B33ECD42B5B5FB000C80104 /* ApiError.swift in Sources */,
				1BE681BA2B5F55840034ABE3 /* Option.swift in Sources */,
				1B0FC32D2B605B230095282E /* UserSelectionDetailsVCRouter.swift in Sources */,
				1BE681B82B5F55790034ABE3 /* Property.swift in Sources */,
				1B8C9EF72B5C48C3005CD461 /* UIStackView+removeAllArrangedSubviews.swift in Sources */,
				1B33ECD62B5B602E00C80104 /* KnownErrors.swift in Sources */,
				1BCB89562B59369F00368FB9 /* FormVC.swift in Sources */,
				1B33ECD02B5B5F6600C80104 /* ApiClient.swift in Sources */,
				1B3FC3962B58974B00414569 /* UIButton+addTarget.swift in Sources */,
				1B3FC34C2B58891E00414569 /* BaseView.swift in Sources */,
				1B3FC34F2B5889E800414569 /* Constants.swift in Sources */,
				1BCB894D2B5935AF00368FB9 /* Category.swift in Sources */,
			);
			runOnlyForDeploymentPostprocessing = 0;
		};
		1B3FC3132B5885C900414569 /* Sources */ = {
			isa = PBXSourcesBuildPhase;
			buildActionMask = 2147483647;
			files = (
				1B0FC3372B60983A0095282E /* FormVCPresenterTests.swift in Sources */,
				1B0FC3392B6098C10095282E /* MockFormVCRouter.swift in Sources */,
				1B0FC33B2B6099350095282E /* MockFormView.swift in Sources */,
				1BAA00502B623D1A003C05AD /* MockCategoryRepository.swift in Sources */,
			);
			runOnlyForDeploymentPostprocessing = 0;
		};
		1B3FC31D2B5885C900414569 /* Sources */ = {
			isa = PBXSourcesBuildPhase;
			buildActionMask = 2147483647;
			files = (
				1B3FC3262B5885C900414569 /* MazaadyTaskUITests.swift in Sources */,
				1B3FC3282B5885C900414569 /* MazaadyTaskUITestsLaunchTests.swift in Sources */,
			);
			runOnlyForDeploymentPostprocessing = 0;
		};
/* End PBXSourcesBuildPhase section */

/* Begin PBXTargetDependency section */
		1B3FC3192B5885C900414569 /* PBXTargetDependency */ = {
			isa = PBXTargetDependency;
			target = 1B3FC3002B5885C800414569 /* MazaadyTask */;
			targetProxy = 1B3FC3182B5885C900414569 /* PBXContainerItemProxy */;
		};
		1B3FC3232B5885C900414569 /* PBXTargetDependency */ = {
			isa = PBXTargetDependency;
			target = 1B3FC3002B5885C800414569 /* MazaadyTask */;
			targetProxy = 1B3FC3222B5885C900414569 /* PBXContainerItemProxy */;
		};
/* End PBXTargetDependency section */

/* Begin PBXVariantGroup section */
		1B3FC30F2B5885C900414569 /* LaunchScreen.storyboard */ = {
			isa = PBXVariantGroup;
			children = (
				1B3FC3102B5885C900414569 /* Base */,
			);
			name = LaunchScreen.storyboard;
			sourceTree = "<group>";
		};
/* End PBXVariantGroup section */

/* Begin XCBuildConfiguration section */
		1B3FC3292B5885C900414569 /* Debug */ = {
			isa = XCBuildConfiguration;
			buildSettings = {
				ALWAYS_SEARCH_USER_PATHS = NO;
				ASSETCATALOG_COMPILER_GENERATE_SWIFT_ASSET_SYMBOL_EXTENSIONS = YES;
				CLANG_ANALYZER_NONNULL = YES;
				CLANG_ANALYZER_NUMBER_OBJECT_CONVERSION = YES_AGGRESSIVE;
				CLANG_CXX_LANGUAGE_STANDARD = "gnu++20";
				CLANG_ENABLE_MODULES = YES;
				CLANG_ENABLE_OBJC_ARC = YES;
				CLANG_ENABLE_OBJC_WEAK = YES;
				CLANG_WARN_BLOCK_CAPTURE_AUTORELEASING = YES;
				CLANG_WARN_BOOL_CONVERSION = YES;
				CLANG_WARN_COMMA = YES;
				CLANG_WARN_CONSTANT_CONVERSION = YES;
				CLANG_WARN_DEPRECATED_OBJC_IMPLEMENTATIONS = YES;
				CLANG_WARN_DIRECT_OBJC_ISA_USAGE = YES_ERROR;
				CLANG_WARN_DOCUMENTATION_COMMENTS = YES;
				CLANG_WARN_EMPTY_BODY = YES;
				CLANG_WARN_ENUM_CONVERSION = YES;
				CLANG_WARN_INFINITE_RECURSION = YES;
				CLANG_WARN_INT_CONVERSION = YES;
				CLANG_WARN_NON_LITERAL_NULL_CONVERSION = YES;
				CLANG_WARN_OBJC_IMPLICIT_RETAIN_SELF = YES;
				CLANG_WARN_OBJC_LITERAL_CONVERSION = YES;
				CLANG_WARN_OBJC_ROOT_CLASS = YES_ERROR;
				CLANG_WARN_QUOTED_INCLUDE_IN_FRAMEWORK_HEADER = YES;
				CLANG_WARN_RANGE_LOOP_ANALYSIS = YES;
				CLANG_WARN_STRICT_PROTOTYPES = YES;
				CLANG_WARN_SUSPICIOUS_MOVE = YES;
				CLANG_WARN_UNGUARDED_AVAILABILITY = YES_AGGRESSIVE;
				CLANG_WARN_UNREACHABLE_CODE = YES;
				CLANG_WARN__DUPLICATE_METHOD_MATCH = YES;
				COPY_PHASE_STRIP = NO;
				DEBUG_INFORMATION_FORMAT = dwarf;
				ENABLE_STRICT_OBJC_MSGSEND = YES;
				ENABLE_TESTABILITY = YES;
				ENABLE_USER_SCRIPT_SANDBOXING = NO;
				GCC_C_LANGUAGE_STANDARD = gnu17;
				GCC_DYNAMIC_NO_PIC = NO;
				GCC_NO_COMMON_BLOCKS = YES;
				GCC_OPTIMIZATION_LEVEL = 0;
				GCC_PREPROCESSOR_DEFINITIONS = (
					"DEBUG=1",
					"$(inherited)",
				);
				GCC_WARN_64_TO_32_BIT_CONVERSION = YES;
				GCC_WARN_ABOUT_RETURN_TYPE = YES_ERROR;
				GCC_WARN_UNDECLARED_SELECTOR = YES;
				GCC_WARN_UNINITIALIZED_AUTOS = YES_AGGRESSIVE;
				GCC_WARN_UNUSED_FUNCTION = YES;
				GCC_WARN_UNUSED_VARIABLE = YES;
				IPHONEOS_DEPLOYMENT_TARGET = 17.2;
				LOCALIZATION_PREFERS_STRING_CATALOGS = YES;
				MTL_ENABLE_DEBUG_INFO = INCLUDE_SOURCE;
				MTL_FAST_MATH = YES;
				ONLY_ACTIVE_ARCH = YES;
				SDKROOT = iphoneos;
				SWIFT_ACTIVE_COMPILATION_CONDITIONS = "DEBUG $(inherited)";
				SWIFT_OPTIMIZATION_LEVEL = "-Onone";
			};
			name = Debug;
		};
		1B3FC32A2B5885C900414569 /* Release */ = {
			isa = XCBuildConfiguration;
			buildSettings = {
				ALWAYS_SEARCH_USER_PATHS = NO;
				ASSETCATALOG_COMPILER_GENERATE_SWIFT_ASSET_SYMBOL_EXTENSIONS = YES;
				CLANG_ANALYZER_NONNULL = YES;
				CLANG_ANALYZER_NUMBER_OBJECT_CONVERSION = YES_AGGRESSIVE;
				CLANG_CXX_LANGUAGE_STANDARD = "gnu++20";
				CLANG_ENABLE_MODULES = YES;
				CLANG_ENABLE_OBJC_ARC = YES;
				CLANG_ENABLE_OBJC_WEAK = YES;
				CLANG_WARN_BLOCK_CAPTURE_AUTORELEASING = YES;
				CLANG_WARN_BOOL_CONVERSION = YES;
				CLANG_WARN_COMMA = YES;
				CLANG_WARN_CONSTANT_CONVERSION = YES;
				CLANG_WARN_DEPRECATED_OBJC_IMPLEMENTATIONS = YES;
				CLANG_WARN_DIRECT_OBJC_ISA_USAGE = YES_ERROR;
				CLANG_WARN_DOCUMENTATION_COMMENTS = YES;
				CLANG_WARN_EMPTY_BODY = YES;
				CLANG_WARN_ENUM_CONVERSION = YES;
				CLANG_WARN_INFINITE_RECURSION = YES;
				CLANG_WARN_INT_CONVERSION = YES;
				CLANG_WARN_NON_LITERAL_NULL_CONVERSION = YES;
				CLANG_WARN_OBJC_IMPLICIT_RETAIN_SELF = YES;
				CLANG_WARN_OBJC_LITERAL_CONVERSION = YES;
				CLANG_WARN_OBJC_ROOT_CLASS = YES_ERROR;
				CLANG_WARN_QUOTED_INCLUDE_IN_FRAMEWORK_HEADER = YES;
				CLANG_WARN_RANGE_LOOP_ANALYSIS = YES;
				CLANG_WARN_STRICT_PROTOTYPES = YES;
				CLANG_WARN_SUSPICIOUS_MOVE = YES;
				CLANG_WARN_UNGUARDED_AVAILABILITY = YES_AGGRESSIVE;
				CLANG_WARN_UNREACHABLE_CODE = YES;
				CLANG_WARN__DUPLICATE_METHOD_MATCH = YES;
				COPY_PHASE_STRIP = NO;
				DEBUG_INFORMATION_FORMAT = "dwarf-with-dsym";
				ENABLE_NS_ASSERTIONS = NO;
				ENABLE_STRICT_OBJC_MSGSEND = YES;
				ENABLE_USER_SCRIPT_SANDBOXING = NO;
				GCC_C_LANGUAGE_STANDARD = gnu17;
				GCC_NO_COMMON_BLOCKS = YES;
				GCC_WARN_64_TO_32_BIT_CONVERSION = YES;
				GCC_WARN_ABOUT_RETURN_TYPE = YES_ERROR;
				GCC_WARN_UNDECLARED_SELECTOR = YES;
				GCC_WARN_UNINITIALIZED_AUTOS = YES_AGGRESSIVE;
				GCC_WARN_UNUSED_FUNCTION = YES;
				GCC_WARN_UNUSED_VARIABLE = YES;
				IPHONEOS_DEPLOYMENT_TARGET = 17.2;
				LOCALIZATION_PREFERS_STRING_CATALOGS = YES;
				MTL_ENABLE_DEBUG_INFO = NO;
				MTL_FAST_MATH = YES;
				SDKROOT = iphoneos;
				SWIFT_COMPILATION_MODE = wholemodule;
				VALIDATE_PRODUCT = YES;
			};
			name = Release;
		};
		1B3FC32C2B5885C900414569 /* Debug */ = {
			isa = XCBuildConfiguration;
			baseConfigurationReference = 65F3D32C3CEEE5D36DD84344 /* Pods-MazaadyTask.debug.xcconfig */;
			buildSettings = {
				ASSETCATALOG_COMPILER_APPICON_NAME = AppIcon;
				ASSETCATALOG_COMPILER_GLOBAL_ACCENT_COLOR_NAME = AccentColor;
				CODE_SIGN_STYLE = Automatic;
				CURRENT_PROJECT_VERSION = 1;
				DEVELOPMENT_TEAM = RR9432ADJP;
				GENERATE_INFOPLIST_FILE = YES;
				INFOPLIST_FILE = MazaadyTask/Configuration/Info.plist;
				INFOPLIST_KEY_UIApplicationSupportsIndirectInputEvents = YES;
				INFOPLIST_KEY_UILaunchStoryboardName = LaunchScreen;
				INFOPLIST_KEY_UISupportedInterfaceOrientations_iPad = "UIInterfaceOrientationPortrait UIInterfaceOrientationPortraitUpsideDown UIInterfaceOrientationLandscapeLeft UIInterfaceOrientationLandscapeRight";
				INFOPLIST_KEY_UISupportedInterfaceOrientations_iPhone = "UIInterfaceOrientationPortrait UIInterfaceOrientationLandscapeLeft UIInterfaceOrientationLandscapeRight";
				LD_RUNPATH_SEARCH_PATHS = (
					"$(inherited)",
					"@executable_path/Frameworks",
				);
				MARKETING_VERSION = 1.0;
				PRODUCT_BUNDLE_IDENTIFIER = KhaleBohout.MazaadyTask;
				PRODUCT_NAME = "$(TARGET_NAME)";
				SUPPORTED_PLATFORMS = "iphoneos iphonesimulator";
				SUPPORTS_MACCATALYST = NO;
				SUPPORTS_MAC_DESIGNED_FOR_IPHONE_IPAD = NO;
				SWIFT_EMIT_LOC_STRINGS = YES;
				SWIFT_VERSION = 5.0;
				TARGETED_DEVICE_FAMILY = "1,2";
			};
			name = Debug;
		};
		1B3FC32D2B5885C900414569 /* Release */ = {
			isa = XCBuildConfiguration;
			baseConfigurationReference = C76B6CBF247B18CB7611C97C /* Pods-MazaadyTask.release.xcconfig */;
			buildSettings = {
				ASSETCATALOG_COMPILER_APPICON_NAME = AppIcon;
				ASSETCATALOG_COMPILER_GLOBAL_ACCENT_COLOR_NAME = AccentColor;
				CODE_SIGN_STYLE = Automatic;
				CURRENT_PROJECT_VERSION = 1;
				DEVELOPMENT_TEAM = RR9432ADJP;
				GENERATE_INFOPLIST_FILE = YES;
				INFOPLIST_FILE = MazaadyTask/Configuration/Info.plist;
				INFOPLIST_KEY_UIApplicationSupportsIndirectInputEvents = YES;
				INFOPLIST_KEY_UILaunchStoryboardName = LaunchScreen;
				INFOPLIST_KEY_UISupportedInterfaceOrientations_iPad = "UIInterfaceOrientationPortrait UIInterfaceOrientationPortraitUpsideDown UIInterfaceOrientationLandscapeLeft UIInterfaceOrientationLandscapeRight";
				INFOPLIST_KEY_UISupportedInterfaceOrientations_iPhone = "UIInterfaceOrientationPortrait UIInterfaceOrientationLandscapeLeft UIInterfaceOrientationLandscapeRight";
				LD_RUNPATH_SEARCH_PATHS = (
					"$(inherited)",
					"@executable_path/Frameworks",
				);
				MARKETING_VERSION = 1.0;
				PRODUCT_BUNDLE_IDENTIFIER = KhaleBohout.MazaadyTask;
				PRODUCT_NAME = "$(TARGET_NAME)";
				SUPPORTED_PLATFORMS = "iphoneos iphonesimulator";
				SUPPORTS_MACCATALYST = NO;
				SUPPORTS_MAC_DESIGNED_FOR_IPHONE_IPAD = NO;
				SWIFT_EMIT_LOC_STRINGS = YES;
				SWIFT_VERSION = 5.0;
				TARGETED_DEVICE_FAMILY = "1,2";
			};
			name = Release;
		};
		1B3FC32F2B5885C900414569 /* Debug */ = {
			isa = XCBuildConfiguration;
			buildSettings = {
				ALWAYS_EMBED_SWIFT_STANDARD_LIBRARIES = YES;
				BUNDLE_LOADER = "$(TEST_HOST)";
				CODE_SIGN_STYLE = Automatic;
				CURRENT_PROJECT_VERSION = 1;
				DEVELOPMENT_TEAM = RR9432ADJP;
				GENERATE_INFOPLIST_FILE = YES;
				IPHONEOS_DEPLOYMENT_TARGET = 17.2;
				MARKETING_VERSION = 1.0;
				PRODUCT_BUNDLE_IDENTIFIER = KhaleBohout.MazaadyTaskTests;
				PRODUCT_NAME = "$(TARGET_NAME)";
				SWIFT_EMIT_LOC_STRINGS = NO;
				SWIFT_VERSION = 5.0;
				TARGETED_DEVICE_FAMILY = "1,2";
				TEST_HOST = "$(BUILT_PRODUCTS_DIR)/MazaadyTask.app/$(BUNDLE_EXECUTABLE_FOLDER_PATH)/MazaadyTask";
			};
			name = Debug;
		};
		1B3FC3302B5885C900414569 /* Release */ = {
			isa = XCBuildConfiguration;
			buildSettings = {
				ALWAYS_EMBED_SWIFT_STANDARD_LIBRARIES = YES;
				BUNDLE_LOADER = "$(TEST_HOST)";
				CODE_SIGN_STYLE = Automatic;
				CURRENT_PROJECT_VERSION = 1;
				DEVELOPMENT_TEAM = RR9432ADJP;
				GENERATE_INFOPLIST_FILE = YES;
				IPHONEOS_DEPLOYMENT_TARGET = 17.2;
				MARKETING_VERSION = 1.0;
				PRODUCT_BUNDLE_IDENTIFIER = KhaleBohout.MazaadyTaskTests;
				PRODUCT_NAME = "$(TARGET_NAME)";
				SWIFT_EMIT_LOC_STRINGS = NO;
				SWIFT_VERSION = 5.0;
				TARGETED_DEVICE_FAMILY = "1,2";
				TEST_HOST = "$(BUILT_PRODUCTS_DIR)/MazaadyTask.app/$(BUNDLE_EXECUTABLE_FOLDER_PATH)/MazaadyTask";
			};
			name = Release;
		};
		1B3FC3322B5885C900414569 /* Debug */ = {
			isa = XCBuildConfiguration;
			buildSettings = {
				ALWAYS_EMBED_SWIFT_STANDARD_LIBRARIES = YES;
				CODE_SIGN_STYLE = Automatic;
				CURRENT_PROJECT_VERSION = 1;
				DEVELOPMENT_TEAM = RR9432ADJP;
				GENERATE_INFOPLIST_FILE = YES;
				MARKETING_VERSION = 1.0;
				PRODUCT_BUNDLE_IDENTIFIER = KhaleBohout.MazaadyTaskUITests;
				PRODUCT_NAME = "$(TARGET_NAME)";
				SWIFT_EMIT_LOC_STRINGS = NO;
				SWIFT_VERSION = 5.0;
				TARGETED_DEVICE_FAMILY = "1,2";
				TEST_TARGET_NAME = MazaadyTask;
			};
			name = Debug;
		};
		1B3FC3332B5885C900414569 /* Release */ = {
			isa = XCBuildConfiguration;
			buildSettings = {
				ALWAYS_EMBED_SWIFT_STANDARD_LIBRARIES = YES;
				CODE_SIGN_STYLE = Automatic;
				CURRENT_PROJECT_VERSION = 1;
				DEVELOPMENT_TEAM = RR9432ADJP;
				GENERATE_INFOPLIST_FILE = YES;
				MARKETING_VERSION = 1.0;
				PRODUCT_BUNDLE_IDENTIFIER = KhaleBohout.MazaadyTaskUITests;
				PRODUCT_NAME = "$(TARGET_NAME)";
				SWIFT_EMIT_LOC_STRINGS = NO;
				SWIFT_VERSION = 5.0;
				TARGETED_DEVICE_FAMILY = "1,2";
				TEST_TARGET_NAME = MazaadyTask;
			};
			name = Release;
		};
/* End XCBuildConfiguration section */

/* Begin XCConfigurationList section */
		1B3FC2FC2B5885C800414569 /* Build configuration list for PBXProject "MazaadyTask" */ = {
			isa = XCConfigurationList;
			buildConfigurations = (
				1B3FC3292B5885C900414569 /* Debug */,
				1B3FC32A2B5885C900414569 /* Release */,
			);
			defaultConfigurationIsVisible = 0;
			defaultConfigurationName = Release;
		};
		1B3FC32B2B5885C900414569 /* Build configuration list for PBXNativeTarget "MazaadyTask" */ = {
			isa = XCConfigurationList;
			buildConfigurations = (
				1B3FC32C2B5885C900414569 /* Debug */,
				1B3FC32D2B5885C900414569 /* Release */,
			);
			defaultConfigurationIsVisible = 0;
			defaultConfigurationName = Release;
		};
		1B3FC32E2B5885C900414569 /* Build configuration list for PBXNativeTarget "MazaadyTaskTests" */ = {
			isa = XCConfigurationList;
			buildConfigurations = (
				1B3FC32F2B5885C900414569 /* Debug */,
				1B3FC3302B5885C900414569 /* Release */,
			);
			defaultConfigurationIsVisible = 0;
			defaultConfigurationName = Release;
		};
		1B3FC3312B5885C900414569 /* Build configuration list for PBXNativeTarget "MazaadyTaskUITests" */ = {
			isa = XCConfigurationList;
			buildConfigurations = (
				1B3FC3322B5885C900414569 /* Debug */,
				1B3FC3332B5885C900414569 /* Release */,
			);
			defaultConfigurationIsVisible = 0;
			defaultConfigurationName = Release;
		};
/* End XCConfigurationList section */
	};
	rootObject = 1B3FC2F92B5885C800414569 /* Project object */;
}
