PODS:
  - DropDown (2.3.13)
  - IQKeyboardManagerSwift (6.5.12)
  - NVActivityIndicatorView (4.8.0):
    - NVActivityIndicatorView/Presenter (= 4.8.0)
  - NVActivityIndicatorView/Presenter (4.8.0)

DEPENDENCIES:
  - DropDown
  - IQKeyboardManagerSwift
  - NVActivityIndicatorView (from `https://github.com/ninjaprox/NVActivityIndicatorView.git`, tag `4.8.0`)

SPEC REPOS:
  https://github.com/CocoaPods/Specs.git:
    - DropDown
    - IQKeyboardManagerSwift

EXTERNAL SOURCES:
  NVActivityIndicatorView:
    :git: https://github.com/ninjaprox/NVActivityIndicatorView.git
    :tag: 4.8.0

CHECKOUT OPTIONS:
  NVActivityIndicatorView:
    :git: https://github.com/ninjaprox/NVActivityIndicatorView.git
    :tag: 4.8.0

SPEC CHECKSUMS:
  DropDown: 8a2116376c1981888557f72ec2ffc9a5e0e456ec
  IQKeyboardManagerSwift: 371b08cb39664fb56030f5345c815a4ffc74bbc0
  NVActivityIndicatorView: 24b713d5140767dc43097cd9d5ff719ff0660bdc

PODFILE CHECKSUM: 26ad12ee8d66f096e038bc15e745802608d00d84

COCOAPODS: 1.14.3
